
Microsoft Visual Studio Solution File, Format Version 12.00
# Visual Studio Version 16
VisualStudioVersion = 16.0.29728.190
MinimumVisualStudioVersion = 10.0.40219.1
Project("{FAE04EC0-301F-11D3-BF4B-00C04F79EFBC}") = "Mohammed_IE322", "Mohammed_IE322\Mohammed_IE322.csproj", "{D49386E3-8648-4459-8E76-32EC34B6028C}"
EndProject
Global
	GlobalSection(SolutionConfigurationPlatforms) = preSolution
		Debug|Any CPU = Debug|Any CPU
		Release|Any CPU = Release|Any CPU
	EndGlobalSection
	GlobalSection(ProjectConfigurationPlatforms) = postSolution
		{D49386E3-8648-4459-8E76-32EC34B6028C}.Debug|Any CPU.ActiveCfg = Debug|Any CPU
		{D49386E3-8648-4459-8E76-32EC34B6028C}.Debug|Any CPU.Build.0 = Debug|Any CPU
		{D49386E3-8648-4459-8E76-32EC34B6028C}.Release|Any CPU.ActiveCfg = Release|Any CPU
		{D49386E3-8648-4459-8E76-32EC34B6028C}.Release|Any CPU.Build.0 = Release|Any CPU
	EndGlobalSection
	GlobalSection(SolutionProperties) = preSolution
		HideSolutionNode = FALSE
	EndGlobalSection
	GlobalSection(ExtensibilityGlobals) = postSolution
		SolutionGuid = {AB03DF7D-DA3E-4BF1-9852-D8D6C38E72A3}
	EndGlobalSection
EndGlobal
